{
  "name": "stationadmin-shuffle",
  "version": "1.0.0",
  "lockfileVersion": 3,
  "requires": true,
  "packages": {
    "": {
      "name": "stationadmin-shuffle",
      "version": "1.0.0",
      "dependencies": {
        "alea": "^0.0.9"
      }
    },
    "node_modules/alea": {
      "version": "0.0.9",
      "resolved": "https://registry.npmjs.org/alea/-/alea-0.0.9.tgz",
      "integrity": "sha512-7GrAOnIHGlKtOmZm09dHL+n5tXlao4uBGeXUPRX+I5PAyZqa95CaSFC9bXpkFJpT6j5N3+UKoxDfPmmwBedg7A==",
      "license": "MIT"
    }
  }
}
